
Microsoft Visual Studio Solution File, Format Version 12.00
# Visual Studio Version 17
VisualStudioVersion = 17.11.35312.102
MinimumVisualStudioVersion = 10.0.40219.1
Project("{FAE04EC0-301F-11D3-BF4B-00C04F79EFBC}") = "WebApplicationINSAT", "WebApplicationINSAT.csproj", "{DC23FCB8-26C2-43DE-9DEC-37CBE3BFA1FD}"
EndProject
Global
	GlobalSection(SolutionConfigurationPlatforms) = preSolution
		Debug|Any CPU = Debug|Any CPU
		Release|Any CPU = Release|Any CPU
	EndGlobalSection
	GlobalSection(ProjectConfigurationPlatforms) = postSolution
		{DC23FCB8-26C2-43DE-9DEC-37CBE3BFA1FD}.Debug|Any CPU.ActiveCfg = Debug|Any CPU
		{DC23FCB8-26C2-43DE-9DEC-37CBE3BFA1FD}.Debug|Any CPU.Build.0 = Debug|Any CPU
		{DC23FCB8-26C2-43DE-9DEC-37CBE3BFA1FD}.Release|Any CPU.ActiveCfg = Release|Any CPU
		{DC23FCB8-26C2-43DE-9DEC-37CBE3BFA1FD}.Release|Any CPU.Build.0 = Release|Any CPU
	EndGlobalSection
	GlobalSection(SolutionProperties) = preSolution
		HideSolutionNode = FALSE
	EndGlobalSection
	GlobalSection(ExtensibilityGlobals) = postSolution
		SolutionGuid = {BB5DC0C6-0D92-466A-BC66-A146B8DFA9B5}
	EndGlobalSection
EndGlobal
